// !$*UTF8*$!
{
	archiveVersion = 1;
	classes = {
	};
	objectVersion = 55;
	objects = {

/* Begin PBXBuildFile section */
		B95C02CE27167C35001E3FDC /* AppDelegate.swift in Sources */ = {isa = PBXBuildFile; fileRef = B95C02CD27167C35001E3FDC /* AppDelegate.swift */; };
		B95C02D027167C35001E3FDC /* SceneDelegate.swift in Sources */ = {isa = PBXBuildFile; fileRef = B95C02CF27167C35001E3FDC /* SceneDelegate.swift */; };
		B95C02D527167C35001E3FDC /* Main.storyboard in Resources */ = {isa = PBXBuildFile; fileRef = B95C02D327167C35001E3FDC /* Main.storyboard */; };
		B95C02D727167C37001E3FDC /* Assets.xcassets in Resources */ = {isa = PBXBuildFile; fileRef = B95C02D627167C37001E3FDC /* Assets.xcassets */; };
		B95C02DA27167C37001E3FDC /* LaunchScreen.storyboard in Resources */ = {isa = PBXBuildFile; fileRef = B95C02D827167C37001E3FDC /* LaunchScreen.storyboard */; };
		B95C02E527167C37001E3FDC /* EmojiDictionaryTests.swift in Sources */ = {isa = PBXBuildFile; fileRef = B95C02E427167C37001E3FDC /* EmojiDictionaryTests.swift */; };
		B95C02EF27167C37001E3FDC /* EmojiDictionaryUITests.swift in Sources */ = {isa = PBXBuildFile; fileRef = B95C02EE27167C37001E3FDC /* EmojiDictionaryUITests.swift */; };
		B95C02F127167C37001E3FDC /* EmojiDictionaryUITestsLaunchTests.swift in Sources */ = {isa = PBXBuildFile; fileRef = B95C02F027167C37001E3FDC /* EmojiDictionaryUITestsLaunchTests.swift */; };
		B95C02FE27167C9F001E3FDC /* File.swift in Sources */ = {isa = PBXBuildFile; fileRef = B95C02FD27167C9F001E3FDC /* File.swift */; };
		B95C030027167EA1001E3FDC /* EmojiTableViewController.swift in Sources */ = {isa = PBXBuildFile; fileRef = B95C02FF27167EA1001E3FDC /* EmojiTableViewController.swift */; };
		B95C030227168E11001E3FDC /* YoinikngUITableViewController.swift in Sources */ = {isa = PBXBuildFile; fileRef = B95C030127168E11001E3FDC /* YoinikngUITableViewController.swift */; };
		B9BD06D127172E2300BBFED2 /* EmojiTableViewCell.swift in Sources */ = {isa = PBXBuildFile; fileRef = B9BD06D027172E2300BBFED2 /* EmojiTableViewCell.swift */; };
		B9BD06D32717341800BBFED2 /* AddEditEmojiTableViewController.swift in Sources */ = {isa = PBXBuildFile; fileRef = B9BD06D22717341800BBFED2 /* AddEditEmojiTableViewController.swift */; };
/* End PBXBuildFile section */

/* Begin PBXContainerItemProxy section */
		B95C02E127167C37001E3FDC /* PBXContainerItemProxy */ = {
			isa = PBXContainerItemProxy;
			containerPortal = B95C02C227167C35001E3FDC /* Project object */;
			proxyType = 1;
			remoteGlobalIDString = B95C02C927167C35001E3FDC;
			remoteInfo = EmojiDictionary;
		};
		B95C02EB27167C37001E3FDC /* PBXContainerItemProxy */ = {
			isa = PBXContainerItemProxy;
			containerPortal = B95C02C227167C35001E3FDC /* Project object */;
			proxyType = 1;
			remoteGlobalIDString = B95C02C927167C35001E3FDC;
			remoteInfo = EmojiDictionary;
		};
/* End PBXContainerItemProxy section */

/* Begin PBXFileReference section */
		B95C02CA27167C35001E3FDC /* EmojiDictionary.app */ = {isa = PBXFileReference; explicitFileType = wrapper.application; includeInIndex = 0; path = EmojiDictionary.app; sourceTree = BUILT_PRODUCTS_DIR; };
		B95C02CD27167C35001E3FDC /* AppDelegate.swift */ = {isa = PBXFileReference; lastKnownFileType = sourcecode.swift; path = AppDelegate.swift; sourceTree = "<group>"; };
		B95C02CF27167C35001E3FDC /* SceneDelegate.swift */ = {isa = PBXFileReference; lastKnownFileType = sourcecode.swift; path = SceneDelegate.swift; sourceTree = "<group>"; };
		B95C02D427167C35001E3FDC /* Base */ = {isa = PBXFileReference; lastKnownFileType = file.storyboard; name = Base; path = Base.lproj/Main.storyboard; sourceTree = "<group>"; };
		B95C02D627167C37001E3FDC /* Assets.xcassets */ = {isa = PBXFileReference; lastKnownFileType = folder.assetcatalog; path = Assets.xcassets; sourceTree = "<group>"; };
		B95C02D927167C37001E3FDC /* Base */ = {isa = PBXFileReference; lastKnownFileType = file.storyboard; name = Base; path = Base.lproj/LaunchScreen.storyboard; sourceTree = "<group>"; };
		B95C02DB27167C37001E3FDC /* Info.plist */ = {isa = PBXFileReference; lastKnownFileType = text.plist.xml; path = Info.plist; sourceTree = "<group>"; };
		B95C02E027167C37001E3FDC /* EmojiDictionaryTests.xctest */ = {isa = PBXFileReference; explicitFileType = wrapper.cfbundle; includeInIndex = 0; path = EmojiDictionaryTests.xctest; sourceTree = BUILT_PRODUCTS_DIR; };
		B95C02E427167C37001E3FDC /* EmojiDictionaryTests.swift */ = {isa = PBXFileReference; lastKnownFileType = sourcecode.swift; path = EmojiDictionaryTests.swift; sourceTree = "<group>"; };
		B95C02EA27167C37001E3FDC /* EmojiDictionaryUITests.xctest */ = {isa = PBXFileReference; explicitFileType = wrapper.cfbundle; includeInIndex = 0; path = EmojiDictionaryUITests.xctest; sourceTree = BUILT_PRODUCTS_DIR; };
		B95C02EE27167C37001E3FDC /* EmojiDictionaryUITests.swift */ = {isa = PBXFileReference; lastKnownFileType = sourcecode.swift; path = EmojiDictionaryUITests.swift; sourceTree = "<group>"; };
		B95C02F027167C37001E3FDC /* EmojiDictionaryUITestsLaunchTests.swift */ = {isa = PBXFileReference; lastKnownFileType = sourcecode.swift; path = EmojiDictionaryUITestsLaunchTests.swift; sourceTree = "<group>"; };
		B95C02FD27167C9F001E3FDC /* File.swift */ = {isa = PBXFileReference; lastKnownFileType = sourcecode.swift; path = File.swift; sourceTree = "<group>"; };
		B95C02FF27167EA1001E3FDC /* EmojiTableViewController.swift */ = {isa = PBXFileReference; lastKnownFileType = sourcecode.swift; path = EmojiTableViewController.swift; sourceTree = "<group>"; };
		B95C030127168E11001E3FDC /* YoinikngUITableViewController.swift */ = {isa = PBXFileReference; lastKnownFileType = sourcecode.swift; path = YoinikngUITableViewController.swift; sourceTree = "<group>"; };
		B9BD06D027172E2300BBFED2 /* EmojiTableViewCell.swift */ = {isa = PBXFileReference; lastKnownFileType = sourcecode.swift; path = EmojiTableViewCell.swift; sourceTree = "<group>"; };
		B9BD06D22717341800BBFED2 /* AddEditEmojiTableViewController.swift */ = {isa = PBXFileReference; lastKnownFileType = sourcecode.swift; path = AddEditEmojiTableViewController.swift; sourceTree = "<group>"; };
/* End PBXFileReference section */

/* Begin PBXFrameworksBuildPhase section */
		B95C02C727167C35001E3FDC /* Frameworks */ = {
			isa = PBXFrameworksBuildPhase;
			buildActionMask = 2147483647;
			files = (
			);
			runOnlyForDeploymentPostprocessing = 0;
		};
		B95C02DD27167C37001E3FDC /* Frameworks */ = {
			isa = PBXFrameworksBuildPhase;
			buildActionMask = 2147483647;
			files = (
			);
			runOnlyForDeploymentPostprocessing = 0;
		};
		B95C02E727167C37001E3FDC /* Frameworks */ = {
			isa = PBXFrameworksBuildPhase;
			buildActionMask = 2147483647;
			files = (
			);
			runOnlyForDeploymentPostprocessing = 0;
		};
/* End PBXFrameworksBuildPhase section */

/* Begin PBXGroup section */
		B95C02C127167C35001E3FDC = {
			isa = PBXGroup;
			children = (
				B9BD06D22717341800BBFED2 /* AddEditEmojiTableViewController.swift */,
				B95C02CC27167C35001E3FDC /* EmojiDictionary */,
				B95C02E327167C37001E3FDC /* EmojiDictionaryTests */,
				B95C02ED27167C37001E3FDC /* EmojiDictionaryUITests */,
				B95C02CB27167C35001E3FDC /* Products */,
			);
			sourceTree = "<group>";
		};
		B95C02CB27167C35001E3FDC /* Products */ = {
			isa = PBXGroup;
			children = (
				B95C02CA27167C35001E3FDC /* EmojiDictionary.app */,
				B95C02E027167C37001E3FDC /* EmojiDictionaryTests.xctest */,
				B95C02EA27167C37001E3FDC /* EmojiDictionaryUITests.xctest */,
			);
			name = Products;
			sourceTree = "<group>";
		};
		B95C02CC27167C35001E3FDC /* EmojiDictionary */ = {
			isa = PBXGroup;
			children = (
				B95C02CD27167C35001E3FDC /* AppDelegate.swift */,
				B95C02CF27167C35001E3FDC /* SceneDelegate.swift */,
				B95C02D327167C35001E3FDC /* Main.storyboard */,
				B9BD06D027172E2300BBFED2 /* EmojiTableViewCell.swift */,
				B95C02FF27167EA1001E3FDC /* EmojiTableViewController.swift */,
				B95C02FD27167C9F001E3FDC /* File.swift */,
				B95C030127168E11001E3FDC /* YoinikngUITableViewController.swift */,
				B95C02D627167C37001E3FDC /* Assets.xcassets */,
				B95C02D827167C37001E3FDC /* LaunchScreen.storyboard */,
				B95C02DB27167C37001E3FDC /* Info.plist */,
			);
			path = EmojiDictionary;
			sourceTree = "<group>";
		};
		B95C02E327167C37001E3FDC /* EmojiDictionaryTests */ = {
			isa = PBXGroup;
			children = (
				B95C02E427167C37001E3FDC /* EmojiDictionaryTests.swift */,
			);
			path = EmojiDictionaryTests;
			sourceTree = "<group>";
		};
		B95C02ED27167C37001E3FDC /* EmojiDictionaryUITests */ = {
			isa = PBXGroup;
			children = (
				B95C02EE27167C37001E3FDC /* EmojiDictionaryUITests.swift */,
				B95C02F027167C37001E3FDC /* EmojiDictionaryUITestsLaunchTests.swift */,
			);
			path = EmojiDictionaryUITests;
			sourceTree = "<group>";
		};
/* End PBXGroup section */

/* Begin PBXNativeTarget section */
		B95C02C927167C35001E3FDC /* EmojiDictionary */ = {
			isa = PBXNativeTarget;
			buildConfigurationList = B95C02F427167C37001E3FDC /* Build configuration list for PBXNativeTarget "EmojiDictionary" */;
			buildPhases = (
				B95C02C627167C35001E3FDC /* Sources */,
				B95C02C727167C35001E3FDC /* Frameworks */,
				B95C02C827167C35001E3FDC /* Resources */,
			);
			buildRules = (
			);
			dependencies = (
			);
			name = EmojiDictionary;
			productName = EmojiDictionary;
			productReference = B95C02CA27167C35001E3FDC /* EmojiDictionary.app */;
			productType = "com.apple.product-type.application";
		};
		B95C02DF27167C37001E3FDC /* EmojiDictionaryTests */ = {
			isa = PBXNativeTarget;
			buildConfigurationList = B95C02F727167C37001E3FDC /* Build configuration list for PBXNativeTarget "EmojiDictionaryTests" */;
			buildPhases = (
				B95C02DC27167C37001E3FDC /* Sources */,
				B95C02DD27167C37001E3FDC /* Frameworks */,
				B95C02DE27167C37001E3FDC /* Resources */,
			);
			buildRules = (
			);
			dependencies = (
				B95C02E227167C37001E3FDC /* PBXTargetDependency */,
			);
			name = EmojiDictionaryTests;
			productName = EmojiDictionaryTests;
			productReference = B95C02E027167C37001E3FDC /* EmojiDictionaryTests.xctest */;
			productType = "com.apple.product-type.bundle.unit-test";
		};
		B95C02E927167C37001E3FDC /* EmojiDictionaryUITests */ = {
			isa = PBXNativeTarget;
			buildConfigurationList = B95C02FA27167C37001E3FDC /* Build configuration list for PBXNativeTarget "EmojiDictionaryUITests" */;
			buildPhases = (
				B95C02E627167C37001E3FDC /* Sources */,
				B95C02E727167C37001E3FDC /* Frameworks */,
				B95C02E827167C37001E3FDC /* Resources */,
			);
			buildRules = (
			);
			dependencies = (
				B95C02EC27167C37001E3FDC /* PBXTargetDependency */,
			);
			name = EmojiDictionaryUITests;
			productName = EmojiDictionaryUITests;
			productReference = B95C02EA27167C37001E3FDC /* EmojiDictionaryUITests.xctest */;
			productType = "com.apple.product-type.bundle.ui-testing";
		};
/* End PBXNativeTarget section */

/* Begin PBXProject section */
		B95C02C227167C35001E3FDC /* Project object */ = {
			isa = PBXProject;
			attributes = {
				BuildIndependentTargetsInParallel = 1;
				LastSwiftUpdateCheck = 1300;
				LastUpgradeCheck = 1300;
				TargetAttributes = {
					B95C02C927167C35001E3FDC = {
						CreatedOnToolsVersion = 13.0;
					};
					B95C02DF27167C37001E3FDC = {
						CreatedOnToolsVersion = 13.0;
						TestTargetID = B95C02C927167C35001E3FDC;
					};
					B95C02E927167C37001E3FDC = {
						CreatedOnToolsVersion = 13.0;
						TestTargetID = B95C02C927167C35001E3FDC;
					};
				};
			};
			buildConfigurationList = B95C02C527167C35001E3FDC /* Build configuration list for PBXProject "EmojiDictionary" */;
			compatibilityVersion = "Xcode 13.0";
			developmentRegion = en;
			hasScannedForEncodings = 0;
			knownRegions = (
				en,
				Base,
			);
			mainGroup = B95C02C127167C35001E3FDC;
			productRefGroup = B95C02CB27167C35001E3FDC /* Products */;
			projectDirPath = "";
			projectRoot = "";
			targets = (
				B95C02C927167C35001E3FDC /* EmojiDictionary */,
				B95C02DF27167C37001E3FDC /* EmojiDictionaryTests */,
				B95C02E927167C37001E3FDC /* EmojiDictionaryUITests */,
			);
		};
/* End PBXProject section */

/* Begin PBXResourcesBuildPhase section */
		B95C02C827167C35001E3FDC /* Resources */ = {
			isa = PBXResourcesBuildPhase;
			buildActionMask = 2147483647;
			files = (
				B95C02DA27167C37001E3FDC /* LaunchScreen.storyboard in Resources */,
				B95C02D727167C37001E3FDC /* Assets.xcassets in Resources */,
				B95C02D527167C35001E3FDC /* Main.storyboard in Resources */,
			);
			runOnlyForDeploymentPostprocessing = 0;
		};
		B95C02DE27167C37001E3FDC /* Resources */ = {
			isa = PBXResourcesBuildPhase;
			buildActionMask = 2147483647;
			files = (
			);
			runOnlyForDeploymentPostprocessing = 0;
		};
		B95C02E827167C37001E3FDC /* Resources */ = {
			isa = PBXResourcesBuildPhase;
			buildActionMask = 2147483647;
			files = (
			);
			runOnlyForDeploymentPostprocessing = 0;
		};
/* End PBXResourcesBuildPhase section */

/* Begin PBXSourcesBuildPhase section */
		B95C02C627167C35001E3FDC /* Sources */ = {
			isa = PBXSourcesBuildPhase;
			buildActionMask = 2147483647;
			files = (
				B95C030027167EA1001E3FDC /* EmojiTableViewController.swift in Sources */,
				B95C030227168E11001E3FDC /* YoinikngUITableViewController.swift in Sources */,
				B95C02CE27167C35001E3FDC /* AppDelegate.swift in Sources */,
				B95C02FE27167C9F001E3FDC /* File.swift in Sources */,
				B9BD06D127172E2300BBFED2 /* EmojiTableViewCell.swift in Sources */,
				B9BD06D32717341800BBFED2 /* AddEditEmojiTableViewController.swift in Sources */,
				B95C02D027167C35001E3FDC /* SceneDelegate.swift in Sources */,
			);
			runOnlyForDeploymentPostprocessing = 0;
		};
		B95C02DC27167C37001E3FDC /* Sources */ = {
			isa = PBXSourcesBuildPhase;
			buildActionMask = 2147483647;
			files = (
				B95C02E527167C37001E3FDC /* EmojiDictionaryTests.swift in Sources */,
			);
			runOnlyForDeploymentPostprocessing = 0;
		};
		B95C02E627167C37001E3FDC /* Sources */ = {
			isa = PBXSourcesBuildPhase;
			buildActionMask = 2147483647;
			files = (
				B95C02EF27167C37001E3FDC /* EmojiDictionaryUITests.swift in Sources */,
				B95C02F127167C37001E3FDC /* EmojiDictionaryUITestsLaunchTests.swift in Sources */,
			);
			runOnlyForDeploymentPostprocessing = 0;
		};
/* End PBXSourcesBuildPhase section */

/* Begin PBXTargetDependency section */
		B95C02E227167C37001E3FDC /* PBXTargetDependency */ = {
			isa = PBXTargetDependency;
			target = B95C02C927167C35001E3FDC /* EmojiDictionary */;
			targetProxy = B95C02E127167C37001E3FDC /* PBXContainerItemProxy */;
		};
		B95C02EC27167C37001E3FDC /* PBXTargetDependency */ = {
			isa = PBXTargetDependency;
			target = B95C02C927167C35001E3FDC /* EmojiDictionary */;
			targetProxy = B95C02EB27167C37001E3FDC /* PBXContainerItemProxy */;
		};
/* End PBXTargetDependency section */

/* Begin PBXVariantGroup section */
		B95C02D327167C35001E3FDC /* Main.storyboard */ = {
			isa = PBXVariantGroup;
			children = (
				B95C02D427167C35001E3FDC /* Base */,
			);
			name = Main.storyboard;
			sourceTree = "<group>";
		};
		B95C02D827167C37001E3FDC /* LaunchScreen.storyboard */ = {
			isa = PBXVariantGroup;
			children = (
				B95C02D927167C37001E3FDC /* Base */,
			);
			name = LaunchScreen.storyboard;
			sourceTree = "<group>";
		};
/* End PBXVariantGroup section */

/* Begin XCBuildConfiguration section */
		B95C02F227167C37001E3FDC /* Debug */ = {
			isa = XCBuildConfiguration;
			buildSettings = {
				ALWAYS_SEARCH_USER_PATHS = NO;
				CLANG_ANALYZER_NONNULL = YES;
				CLANG_ANALYZER_NUMBER_OBJECT_CONVERSION = YES_AGGRESSIVE;
				CLANG_CXX_LANGUAGE_STANDARD = "gnu++17";
				CLANG_CXX_LIBRARY = "libc++";
				CLANG_ENABLE_MODULES = YES;
				CLANG_ENABLE_OBJC_ARC = YES;
				CLANG_ENABLE_OBJC_WEAK = YES;
				CLANG_WARN_BLOCK_CAPTURE_AUTORELEASING = YES;
				CLANG_WARN_BOOL_CONVERSION = YES;
				CLANG_WARN_COMMA = YES;
				CLANG_WARN_CONSTANT_CONVERSION = YES;
				CLANG_WARN_DEPRECATED_OBJC_IMPLEMENTATIONS = YES;
				CLANG_WARN_DIRECT_OBJC_ISA_USAGE = YES_ERROR;
				CLANG_WARN_DOCUMENTATION_COMMENTS = YES;
				CLANG_WARN_EMPTY_BODY = YES;
				CLANG_WARN_ENUM_CONVERSION = YES;
				CLANG_WARN_INFINITE_RECURSION = YES;
				CLANG_WARN_INT_CONVERSION = YES;
				CLANG_WARN_NON_LITERAL_NULL_CONVERSION = YES;
				CLANG_WARN_OBJC_IMPLICIT_RETAIN_SELF = YES;
				CLANG_WARN_OBJC_LITERAL_CONVERSION = YES;
				CLANG_WARN_OBJC_ROOT_CLASS = YES_ERROR;
				CLANG_WARN_QUOTED_INCLUDE_IN_FRAMEWORK_HEADER = YES;
				CLANG_WARN_RANGE_LOOP_ANALYSIS = YES;
				CLANG_WARN_STRICT_PROTOTYPES = YES;
				CLANG_WARN_SUSPICIOUS_MOVE = YES;
				CLANG_WARN_UNGUARDED_AVAILABILITY = YES_AGGRESSIVE;
				CLANG_WARN_UNREACHABLE_CODE = YES;
				CLANG_WARN__DUPLICATE_METHOD_MATCH = YES;
				COPY_PHASE_STRIP = NO;
				DEBUG_INFORMATION_FORMAT = dwarf;
				ENABLE_STRICT_OBJC_MSGSEND = YES;
				ENABLE_TESTABILITY = YES;
				GCC_C_LANGUAGE_STANDARD = gnu11;
				GCC_DYNAMIC_NO_PIC = NO;
				GCC_NO_COMMON_BLOCKS = YES;
				GCC_OPTIMIZATION_LEVEL = 0;
				GCC_PREPROCESSOR_DEFINITIONS = (
					"DEBUG=1",
					"$(inherited)",
				);
				GCC_WARN_64_TO_32_BIT_CONVERSION = YES;
				GCC_WARN_ABOUT_RETURN_TYPE = YES_ERROR;
				GCC_WARN_UNDECLARED_SELECTOR = YES;
				GCC_WARN_UNINITIALIZED_AUTOS = YES_AGGRESSIVE;
				GCC_WARN_UNUSED_FUNCTION = YES;
				GCC_WARN_UNUSED_VARIABLE = YES;
				IPHONEOS_DEPLOYMENT_TARGET = 15.0;
				MTL_ENABLE_DEBUG_INFO = INCLUDE_SOURCE;
				MTL_FAST_MATH = YES;
				ONLY_ACTIVE_ARCH = YES;
				SDKROOT = iphoneos;
				SWIFT_ACTIVE_COMPILATION_CONDITIONS = DEBUG;
				SWIFT_OPTIMIZATION_LEVEL = "-Onone";
			};
			name = Debug;
		};
		B95C02F327167C37001E3FDC /* Release */ = {
			isa = XCBuildConfiguration;
			buildSettings = {
				ALWAYS_SEARCH_USER_PATHS = NO;
				CLANG_ANALYZER_NONNULL = YES;
				CLANG_ANALYZER_NUMBER_OBJECT_CONVERSION = YES_AGGRESSIVE;
				CLANG_CXX_LANGUAGE_STANDARD = "gnu++17";
				CLANG_CXX_LIBRARY = "libc++";
				CLANG_ENABLE_MODULES = YES;
				CLANG_ENABLE_OBJC_ARC = YES;
				CLANG_ENABLE_OBJC_WEAK = YES;
				CLANG_WARN_BLOCK_CAPTURE_AUTORELEASING = YES;
				CLANG_WARN_BOOL_CONVERSION = YES;
				CLANG_WARN_COMMA = YES;
				CLANG_WARN_CONSTANT_CONVERSION = YES;
				CLANG_WARN_DEPRECATED_OBJC_IMPLEMENTATIONS = YES;
				CLANG_WARN_DIRECT_OBJC_ISA_USAGE = YES_ERROR;
				CLANG_WARN_DOCUMENTATION_COMMENTS = YES;
				CLANG_WARN_EMPTY_BODY = YES;
				CLANG_WARN_ENUM_CONVERSION = YES;
				CLANG_WARN_INFINITE_RECURSION = YES;
				CLANG_WARN_INT_CONVERSION = YES;
				CLANG_WARN_NON_LITERAL_NULL_CONVERSION = YES;
				CLANG_WARN_OBJC_IMPLICIT_RETAIN_SELF = YES;
				CLANG_WARN_OBJC_LITERAL_CONVERSION = YES;
				CLANG_WARN_OBJC_ROOT_CLASS = YES_ERROR;
				CLANG_WARN_QUOTED_INCLUDE_IN_FRAMEWORK_HEADER = YES;
				CLANG_WARN_RANGE_LOOP_ANALYSIS = YES;
				CLANG_WARN_STRICT_PROTOTYPES = YES;
				CLANG_WARN_SUSPICIOUS_MOVE = YES;
				CLANG_WARN_UNGUARDED_AVAILABILITY = YES_AGGRESSIVE;
				CLANG_WARN_UNREACHABLE_CODE = YES;
				CLANG_WARN__DUPLICATE_METHOD_MATCH = YES;
				COPY_PHASE_STRIP = NO;
				DEBUG_INFORMATION_FORMAT = "dwarf-with-dsym";
				ENABLE_NS_ASSERTIONS = NO;
				ENABLE_STRICT_OBJC_MSGSEND = YES;
				GCC_C_LANGUAGE_STANDARD = gnu11;
				GCC_NO_COMMON_BLOCKS = YES;
				GCC_WARN_64_TO_32_BIT_CONVERSION = YES;
				GCC_WARN_ABOUT_RETURN_TYPE = YES_ERROR;
				GCC_WARN_UNDECLARED_SELECTOR = YES;
				GCC_WARN_UNINITIALIZED_AUTOS = YES_AGGRESSIVE;
				GCC_WARN_UNUSED_FUNCTION = YES;
				GCC_WARN_UNUSED_VARIABLE = YES;
				IPHONEOS_DEPLOYMENT_TARGET = 15.0;
				MTL_ENABLE_DEBUG_INFO = NO;
				MTL_FAST_MATH = YES;
				SDKROOT = iphoneos;
				SWIFT_COMPILATION_MODE = wholemodule;
				SWIFT_OPTIMIZATION_LEVEL = "-O";
				VALIDATE_PRODUCT = YES;
			};
			name = Release;
		};
		B95C02F527167C37001E3FDC /* Debug */ = {
			isa = XCBuildConfiguration;
			buildSettings = {
				ASSETCATALOG_COMPILER_APPICON_NAME = AppIcon;
				ASSETCATALOG_COMPILER_GLOBAL_ACCENT_COLOR_NAME = AccentColor;
				CODE_SIGN_STYLE = Manual;
				CURRENT_PROJECT_VERSION = 1;
				DEVELOPMENT_TEAM = "";
				GENERATE_INFOPLIST_FILE = YES;
				INFOPLIST_FILE = EmojiDictionary/Info.plist;
				INFOPLIST_KEY_UIApplicationSupportsIndirectInputEvents = YES;
				INFOPLIST_KEY_UILaunchStoryboardName = LaunchScreen;
				INFOPLIST_KEY_UIMainStoryboardFile = Main;
				INFOPLIST_KEY_UISupportedInterfaceOrientations_iPad = "UIInterfaceOrientationPortrait UIInterfaceOrientationPortraitUpsideDown UIInterfaceOrientationLandscapeLeft UIInterfaceOrientationLandscapeRight";
				INFOPLIST_KEY_UISupportedInterfaceOrientations_iPhone = "UIInterfaceOrientationPortrait UIInterfaceOrientationLandscapeLeft UIInterfaceOrientationLandscapeRight";
				LD_RUNPATH_SEARCH_PATHS = (
					"$(inherited)",
					"@executable_path/Frameworks",
				);
				MARKETING_VERSION = 1.0;
				PRODUCT_BUNDLE_IDENTIFIER = com.JonasJacobs.EmojiDictionary;
				PRODUCT_NAME = "$(TARGET_NAME)";
				PROVISIONING_PROFILE_SPECIFIER = "";
				SWIFT_EMIT_LOC_STRINGS = YES;
				SWIFT_VERSION = 5.0;
				TARGETED_DEVICE_FAMILY = "1,2";
			};
			name = Debug;
		};
		B95C02F627167C37001E3FDC /* Release */ = {
			isa = XCBuildConfiguration;
			buildSettings = {
				ASSETCATALOG_COMPILER_APPICON_NAME = AppIcon;
				ASSETCATALOG_COMPILER_GLOBAL_ACCENT_COLOR_NAME = AccentColor;
				CODE_SIGN_STYLE = Manual;
				CURRENT_PROJECT_VERSION = 1;
				DEVELOPMENT_TEAM = "";
				GENERATE_INFOPLIST_FILE = YES;
				INFOPLIST_FILE = EmojiDictionary/Info.plist;
				INFOPLIST_KEY_UIApplicationSupportsIndirectInputEvents = YES;
				INFOPLIST_KEY_UILaunchStoryboardName = LaunchScreen;
				INFOPLIST_KEY_UIMainStoryboardFile = Main;
				INFOPLIST_KEY_UISupportedInterfaceOrientations_iPad = "UIInterfaceOrientationPortrait UIInterfaceOrientationPortraitUpsideDown UIInterfaceOrientationLandscapeLeft UIInterfaceOrientationLandscapeRight";
				INFOPLIST_KEY_UISupportedInterfaceOrientations_iPhone = "UIInterfaceOrientationPortrait UIInterfaceOrientationLandscapeLeft UIInterfaceOrientationLandscapeRight";
				LD_RUNPATH_SEARCH_PATHS = (
					"$(inherited)",
					"@executable_path/Frameworks",
				);
				MARKETING_VERSION = 1.0;
				PRODUCT_BUNDLE_IDENTIFIER = com.JonasJacobs.EmojiDictionary;
				PRODUCT_NAME = "$(TARGET_NAME)";
				PROVISIONING_PROFILE_SPECIFIER = "";
				SWIFT_EMIT_LOC_STRINGS = YES;
				SWIFT_VERSION = 5.0;
				TARGETED_DEVICE_FAMILY = "1,2";
			};
			name = Release;
		};
		B95C02F827167C37001E3FDC /* Debug */ = {
			isa = XCBuildConfiguration;
			buildSettings = {
				ALWAYS_EMBED_SWIFT_STANDARD_LIBRARIES = YES;
				BUNDLE_LOADER = "$(TEST_HOST)";
				CODE_SIGN_STYLE = Automatic;
				CURRENT_PROJECT_VERSION = 1;
				DEVELOPMENT_TEAM = 983TY33326;
				GENERATE_INFOPLIST_FILE = YES;
				IPHONEOS_DEPLOYMENT_TARGET = 15.0;
				LD_RUNPATH_SEARCH_PATHS = (
					"$(inherited)",
					"@executable_path/Frameworks",
					"@loader_path/Frameworks",
				);
				MARKETING_VERSION = 1.0;
				PRODUCT_BUNDLE_IDENTIFIER = com.JonasJacobs.EmojiDictionaryTests;
				PRODUCT_NAME = "$(TARGET_NAME)";
				SWIFT_EMIT_LOC_STRINGS = NO;
				SWIFT_VERSION = 5.0;
				TARGETED_DEVICE_FAMILY = "1,2";
				TEST_HOST = "$(BUILT_PRODUCTS_DIR)/EmojiDictionary.app/EmojiDictionary";
			};
			name = Debug;
		};
		B95C02F927167C37001E3FDC /* Release */ = {
			isa = XCBuildConfiguration;
			buildSettings = {
				ALWAYS_EMBED_SWIFT_STANDARD_LIBRARIES = YES;
				BUNDLE_LOADER = "$(TEST_HOST)";
				CODE_SIGN_STYLE = Automatic;
				CURRENT_PROJECT_VERSION = 1;
				DEVELOPMENT_TEAM = 983TY33326;
				GENERATE_INFOPLIST_FILE = YES;
				IPHONEOS_DEPLOYMENT_TARGET = 15.0;
				LD_RUNPATH_SEARCH_PATHS = (
					"$(inherited)",
					"@executable_path/Frameworks",
					"@loader_path/Frameworks",
				);
				MARKETING_VERSION = 1.0;
				PRODUCT_BUNDLE_IDENTIFIER = com.JonasJacobs.EmojiDictionaryTests;
				PRODUCT_NAME = "$(TARGET_NAME)";
				SWIFT_EMIT_LOC_STRINGS = NO;
				SWIFT_VERSION = 5.0;
				TARGETED_DEVICE_FAMILY = "1,2";
				TEST_HOST = "$(BUILT_PRODUCTS_DIR)/EmojiDictionary.app/EmojiDictionary";
			};
			name = Release;
		};
		B95C02FB27167C37001E3FDC /* Debug */ = {
			isa = XCBuildConfiguration;
			buildSettings = {
				ALWAYS_EMBED_SWIFT_STANDARD_LIBRARIES = YES;
				CODE_SIGN_STYLE = Automatic;
				CURRENT_PROJECT_VERSION = 1;
				DEVELOPMENT_TEAM = 983TY33326;
				GENERATE_INFOPLIST_FILE = YES;
				LD_RUNPATH_SEARCH_PATHS = (
					"$(inherited)",
					"@executable_path/Frameworks",
					"@loader_path/Frameworks",
				);
				MARKETING_VERSION = 1.0;
				PRODUCT_BUNDLE_IDENTIFIER = com.JonasJacobs.EmojiDictionaryUITests;
				PRODUCT_NAME = "$(TARGET_NAME)";
				SWIFT_EMIT_LOC_STRINGS = NO;
				SWIFT_VERSION = 5.0;
				TARGETED_DEVICE_FAMILY = "1,2";
				TEST_TARGET_NAME = EmojiDictionary;
			};
			name = Debug;
		};
		B95C02FC27167C37001E3FDC /* Release */ = {
			isa = XCBuildConfiguration;
			buildSettings = {
				ALWAYS_EMBED_SWIFT_STANDARD_LIBRARIES = YES;
				CODE_SIGN_STYLE = Automatic;
				CURRENT_PROJECT_VERSION = 1;
				DEVELOPMENT_TEAM = 983TY33326;
				GENERATE_INFOPLIST_FILE = YES;
				LD_RUNPATH_SEARCH_PATHS = (
					"$(inherited)",
					"@executable_path/Frameworks",
					"@loader_path/Frameworks",
				);
				MARKETING_VERSION = 1.0;
				PRODUCT_BUNDLE_IDENTIFIER = com.JonasJacobs.EmojiDictionaryUITests;
				PRODUCT_NAME = "$(TARGET_NAME)";
				SWIFT_EMIT_LOC_STRINGS = NO;
				SWIFT_VERSION = 5.0;
				TARGETED_DEVICE_FAMILY = "1,2";
				TEST_TARGET_NAME = EmojiDictionary;
			};
			name = Release;
		};
/* End XCBuildConfiguration section */

/* Begin XCConfigurationList section */
		B95C02C527167C35001E3FDC /* Build configuration list for PBXProject "EmojiDictionary" */ = {
			isa = XCConfigurationList;
			buildConfigurations = (
				B95C02F227167C37001E3FDC /* Debug */,
				B95C02F327167C37001E3FDC /* Release */,
			);
			defaultConfigurationIsVisible = 0;
			defaultConfigurationName = Release;
		};
		B95C02F427167C37001E3FDC /* Build configuration list for PBXNativeTarget "EmojiDictionary" */ = {
			isa = XCConfigurationList;
			buildConfigurations = (
				B95C02F527167C37001E3FDC /* Debug */,
				B95C02F627167C37001E3FDC /* Release */,
			);
			defaultConfigurationIsVisible = 0;
			defaultConfigurationName = Release;
		};
		B95C02F727167C37001E3FDC /* Build configuration list for PBXNativeTarget "EmojiDictionaryTests" */ = {
			isa = XCConfigurationList;
			buildConfigurations = (
				B95C02F827167C37001E3FDC /* Debug */,
				B95C02F927167C37001E3FDC /* Release */,
			);
			defaultConfigurationIsVisible = 0;
			defaultConfigurationName = Release;
		};
		B95C02FA27167C37001E3FDC /* Build configuration list for PBXNativeTarget "EmojiDictionaryUITests" */ = {
			isa = XCConfigurationList;
			buildConfigurations = (
				B95C02FB27167C37001E3FDC /* Debug */,
				B95C02FC27167C37001E3FDC /* Release */,
			);
			defaultConfigurationIsVisible = 0;
			defaultConfigurationName = Release;
		};
/* End XCConfigurationList section */
	};
	rootObject = B95C02C227167C35001E3FDC /* Project object */;
}
