// !$*UTF8*$!
{
	archiveVersion = 1;
	classes = {
	};
	objectVersion = 50;
	objects = {

/* Begin PBXBuildFile section */
		B911E9D926EB985C00642261 /* AppDelegate.swift in Sources */ = {isa = PBXBuildFile; fileRef = B911E9D826EB985C00642261 /* AppDelegate.swift */; };
		B911E9DB26EB985C00642261 /* SceneDelegate.swift in Sources */ = {isa = PBXBuildFile; fileRef = B911E9DA26EB985C00642261 /* SceneDelegate.swift */; };
		B911E9DD26EB985C00642261 /* ViewController.swift in Sources */ = {isa = PBXBuildFile; fileRef = B911E9DC26EB985C00642261 /* ViewController.swift */; };
		B911E9E026EB985C00642261 /* Main.storyboard in Resources */ = {isa = PBXBuildFile; fileRef = B911E9DE26EB985C00642261 /* Main.storyboard */; };
		B911E9E226EB985D00642261 /* Assets.xcassets in Resources */ = {isa = PBXBuildFile; fileRef = B911E9E126EB985D00642261 /* Assets.xcassets */; };
		B911E9E526EB985D00642261 /* LaunchScreen.storyboard in Resources */ = {isa = PBXBuildFile; fileRef = B911E9E326EB985D00642261 /* LaunchScreen.storyboard */; };
		B911E9F026EB985D00642261 /* CommonInputControlsTests.swift in Sources */ = {isa = PBXBuildFile; fileRef = B911E9EF26EB985D00642261 /* CommonInputControlsTests.swift */; };
		B911E9FB26EB985D00642261 /* CommonInputControlsUITests.swift in Sources */ = {isa = PBXBuildFile; fileRef = B911E9FA26EB985D00642261 /* CommonInputControlsUITests.swift */; };
/* End PBXBuildFile section */

/* Begin PBXContainerItemProxy section */
		B911E9EC26EB985D00642261 /* PBXContainerItemProxy */ = {
			isa = PBXContainerItemProxy;
			containerPortal = B911E9CD26EB985C00642261 /* Project object */;
			proxyType = 1;
			remoteGlobalIDString = B911E9D426EB985C00642261;
			remoteInfo = CommonInputControls;
		};
		B911E9F726EB985D00642261 /* PBXContainerItemProxy */ = {
			isa = PBXContainerItemProxy;
			containerPortal = B911E9CD26EB985C00642261 /* Project object */;
			proxyType = 1;
			remoteGlobalIDString = B911E9D426EB985C00642261;
			remoteInfo = CommonInputControls;
		};
/* End PBXContainerItemProxy section */

/* Begin PBXFileReference section */
		B911E9D526EB985C00642261 /* CommonInputControls.app */ = {isa = PBXFileReference; explicitFileType = wrapper.application; includeInIndex = 0; path = CommonInputControls.app; sourceTree = BUILT_PRODUCTS_DIR; };
		B911E9D826EB985C00642261 /* AppDelegate.swift */ = {isa = PBXFileReference; lastKnownFileType = sourcecode.swift; path = AppDelegate.swift; sourceTree = "<group>"; };
		B911E9DA26EB985C00642261 /* SceneDelegate.swift */ = {isa = PBXFileReference; lastKnownFileType = sourcecode.swift; path = SceneDelegate.swift; sourceTree = "<group>"; };
		B911E9DC26EB985C00642261 /* ViewController.swift */ = {isa = PBXFileReference; lastKnownFileType = sourcecode.swift; path = ViewController.swift; sourceTree = "<group>"; };
		B911E9DF26EB985C00642261 /* Base */ = {isa = PBXFileReference; lastKnownFileType = file.storyboard; name = Base; path = Base.lproj/Main.storyboard; sourceTree = "<group>"; };
		B911E9E126EB985D00642261 /* Assets.xcassets */ = {isa = PBXFileReference; lastKnownFileType = folder.assetcatalog; path = Assets.xcassets; sourceTree = "<group>"; };
		B911E9E426EB985D00642261 /* Base */ = {isa = PBXFileReference; lastKnownFileType = file.storyboard; name = Base; path = Base.lproj/LaunchScreen.storyboard; sourceTree = "<group>"; };
		B911E9E626EB985D00642261 /* Info.plist */ = {isa = PBXFileReference; lastKnownFileType = text.plist.xml; path = Info.plist; sourceTree = "<group>"; };
		B911E9EB26EB985D00642261 /* CommonInputControlsTests.xctest */ = {isa = PBXFileReference; explicitFileType = wrapper.cfbundle; includeInIndex = 0; path = CommonInputControlsTests.xctest; sourceTree = BUILT_PRODUCTS_DIR; };
		B911E9EF26EB985D00642261 /* CommonInputControlsTests.swift */ = {isa = PBXFileReference; lastKnownFileType = sourcecode.swift; path = CommonInputControlsTests.swift; sourceTree = "<group>"; };
		B911E9F126EB985D00642261 /* Info.plist */ = {isa = PBXFileReference; lastKnownFileType = text.plist.xml; path = Info.plist; sourceTree = "<group>"; };
		B911E9F626EB985D00642261 /* CommonInputControlsUITests.xctest */ = {isa = PBXFileReference; explicitFileType = wrapper.cfbundle; includeInIndex = 0; path = CommonInputControlsUITests.xctest; sourceTree = BUILT_PRODUCTS_DIR; };
		B911E9FA26EB985D00642261 /* CommonInputControlsUITests.swift */ = {isa = PBXFileReference; lastKnownFileType = sourcecode.swift; path = CommonInputControlsUITests.swift; sourceTree = "<group>"; };
		B911E9FC26EB985D00642261 /* Info.plist */ = {isa = PBXFileReference; lastKnownFileType = text.plist.xml; path = Info.plist; sourceTree = "<group>"; };
/* End PBXFileReference section */

/* Begin PBXFrameworksBuildPhase section */
		B911E9D226EB985C00642261 /* Frameworks */ = {
			isa = PBXFrameworksBuildPhase;
			buildActionMask = 2147483647;
			files = (
			);
			runOnlyForDeploymentPostprocessing = 0;
		};
		B911E9E826EB985D00642261 /* Frameworks */ = {
			isa = PBXFrameworksBuildPhase;
			buildActionMask = 2147483647;
			files = (
			);
			runOnlyForDeploymentPostprocessing = 0;
		};
		B911E9F326EB985D00642261 /* Frameworks */ = {
			isa = PBXFrameworksBuildPhase;
			buildActionMask = 2147483647;
			files = (
			);
			runOnlyForDeploymentPostprocessing = 0;
		};
/* End PBXFrameworksBuildPhase section */

/* Begin PBXGroup section */
		B911E9CC26EB985C00642261 = {
			isa = PBXGroup;
			children = (
				B911E9D726EB985C00642261 /* CommonInputControls */,
				B911E9EE26EB985D00642261 /* CommonInputControlsTests */,
				B911E9F926EB985D00642261 /* CommonInputControlsUITests */,
				B911E9D626EB985C00642261 /* Products */,
			);
			sourceTree = "<group>";
		};
		B911E9D626EB985C00642261 /* Products */ = {
			isa = PBXGroup;
			children = (
				B911E9D526EB985C00642261 /* CommonInputControls.app */,
				B911E9EB26EB985D00642261 /* CommonInputControlsTests.xctest */,
				B911E9F626EB985D00642261 /* CommonInputControlsUITests.xctest */,
			);
			name = Products;
			sourceTree = "<group>";
		};
		B911E9D726EB985C00642261 /* CommonInputControls */ = {
			isa = PBXGroup;
			children = (
				B911E9D826EB985C00642261 /* AppDelegate.swift */,
				B911E9DA26EB985C00642261 /* SceneDelegate.swift */,
				B911E9DC26EB985C00642261 /* ViewController.swift */,
				B911E9DE26EB985C00642261 /* Main.storyboard */,
				B911E9E126EB985D00642261 /* Assets.xcassets */,
				B911E9E326EB985D00642261 /* LaunchScreen.storyboard */,
				B911E9E626EB985D00642261 /* Info.plist */,
			);
			path = CommonInputControls;
			sourceTree = "<group>";
		};
		B911E9EE26EB985D00642261 /* CommonInputControlsTests */ = {
			isa = PBXGroup;
			children = (
				B911E9EF26EB985D00642261 /* CommonInputControlsTests.swift */,
				B911E9F126EB985D00642261 /* Info.plist */,
			);
			path = CommonInputControlsTests;
			sourceTree = "<group>";
		};
		B911E9F926EB985D00642261 /* CommonInputControlsUITests */ = {
			isa = PBXGroup;
			children = (
				B911E9FA26EB985D00642261 /* CommonInputControlsUITests.swift */,
				B911E9FC26EB985D00642261 /* Info.plist */,
			);
			path = CommonInputControlsUITests;
			sourceTree = "<group>";
		};
/* End PBXGroup section */

/* Begin PBXNativeTarget section */
		B911E9D426EB985C00642261 /* CommonInputControls */ = {
			isa = PBXNativeTarget;
			buildConfigurationList = B911E9FF26EB985D00642261 /* Build configuration list for PBXNativeTarget "CommonInputControls" */;
			buildPhases = (
				B911E9D126EB985C00642261 /* Sources */,
				B911E9D226EB985C00642261 /* Frameworks */,
				B911E9D326EB985C00642261 /* Resources */,
			);
			buildRules = (
			);
			dependencies = (
			);
			name = CommonInputControls;
			productName = CommonInputControls;
			productReference = B911E9D526EB985C00642261 /* CommonInputControls.app */;
			productType = "com.apple.product-type.application";
		};
		B911E9EA26EB985D00642261 /* CommonInputControlsTests */ = {
			isa = PBXNativeTarget;
			buildConfigurationList = B911EA0226EB985D00642261 /* Build configuration list for PBXNativeTarget "CommonInputControlsTests" */;
			buildPhases = (
				B911E9E726EB985D00642261 /* Sources */,
				B911E9E826EB985D00642261 /* Frameworks */,
				B911E9E926EB985D00642261 /* Resources */,
			);
			buildRules = (
			);
			dependencies = (
				B911E9ED26EB985D00642261 /* PBXTargetDependency */,
			);
			name = CommonInputControlsTests;
			productName = CommonInputControlsTests;
			productReference = B911E9EB26EB985D00642261 /* CommonInputControlsTests.xctest */;
			productType = "com.apple.product-type.bundle.unit-test";
		};
		B911E9F526EB985D00642261 /* CommonInputControlsUITests */ = {
			isa = PBXNativeTarget;
			buildConfigurationList = B911EA0526EB985D00642261 /* Build configuration list for PBXNativeTarget "CommonInputControlsUITests" */;
			buildPhases = (
				B911E9F226EB985D00642261 /* Sources */,
				B911E9F326EB985D00642261 /* Frameworks */,
				B911E9F426EB985D00642261 /* Resources */,
			);
			buildRules = (
			);
			dependencies = (
				B911E9F826EB985D00642261 /* PBXTargetDependency */,
			);
			name = CommonInputControlsUITests;
			productName = CommonInputControlsUITests;
			productReference = B911E9F626EB985D00642261 /* CommonInputControlsUITests.xctest */;
			productType = "com.apple.product-type.bundle.ui-testing";
		};
/* End PBXNativeTarget section */

/* Begin PBXProject section */
		B911E9CD26EB985C00642261 /* Project object */ = {
			isa = PBXProject;
			attributes = {
				LastSwiftUpdateCheck = 1250;
				LastUpgradeCheck = 1250;
				TargetAttributes = {
					B911E9D426EB985C00642261 = {
						CreatedOnToolsVersion = 12.5.1;
					};
					B911E9EA26EB985D00642261 = {
						CreatedOnToolsVersion = 12.5.1;
						TestTargetID = B911E9D426EB985C00642261;
					};
					B911E9F526EB985D00642261 = {
						CreatedOnToolsVersion = 12.5.1;
						TestTargetID = B911E9D426EB985C00642261;
					};
				};
			};
			buildConfigurationList = B911E9D026EB985C00642261 /* Build configuration list for PBXProject "CommonInputControls" */;
			compatibilityVersion = "Xcode 9.3";
			developmentRegion = en;
			hasScannedForEncodings = 0;
			knownRegions = (
				en,
				Base,
			);
			mainGroup = B911E9CC26EB985C00642261;
			productRefGroup = B911E9D626EB985C00642261 /* Products */;
			projectDirPath = "";
			projectRoot = "";
			targets = (
				B911E9D426EB985C00642261 /* CommonInputControls */,
				B911E9EA26EB985D00642261 /* CommonInputControlsTests */,
				B911E9F526EB985D00642261 /* CommonInputControlsUITests */,
			);
		};
/* End PBXProject section */

/* Begin PBXResourcesBuildPhase section */
		B911E9D326EB985C00642261 /* Resources */ = {
			isa = PBXResourcesBuildPhase;
			buildActionMask = 2147483647;
			files = (
				B911E9E526EB985D00642261 /* LaunchScreen.storyboard in Resources */,
				B911E9E226EB985D00642261 /* Assets.xcassets in Resources */,
				B911E9E026EB985C00642261 /* Main.storyboard in Resources */,
			);
			runOnlyForDeploymentPostprocessing = 0;
		};
		B911E9E926EB985D00642261 /* Resources */ = {
			isa = PBXResourcesBuildPhase;
			buildActionMask = 2147483647;
			files = (
			);
			runOnlyForDeploymentPostprocessing = 0;
		};
		B911E9F426EB985D00642261 /* Resources */ = {
			isa = PBXResourcesBuildPhase;
			buildActionMask = 2147483647;
			files = (
			);
			runOnlyForDeploymentPostprocessing = 0;
		};
/* End PBXResourcesBuildPhase section */

/* Begin PBXSourcesBuildPhase section */
		B911E9D126EB985C00642261 /* Sources */ = {
			isa = PBXSourcesBuildPhase;
			buildActionMask = 2147483647;
			files = (
				B911E9DD26EB985C00642261 /* ViewController.swift in Sources */,
				B911E9D926EB985C00642261 /* AppDelegate.swift in Sources */,
				B911E9DB26EB985C00642261 /* SceneDelegate.swift in Sources */,
			);
			runOnlyForDeploymentPostprocessing = 0;
		};
		B911E9E726EB985D00642261 /* Sources */ = {
			isa = PBXSourcesBuildPhase;
			buildActionMask = 2147483647;
			files = (
				B911E9F026EB985D00642261 /* CommonInputControlsTests.swift in Sources */,
			);
			runOnlyForDeploymentPostprocessing = 0;
		};
		B911E9F226EB985D00642261 /* Sources */ = {
			isa = PBXSourcesBuildPhase;
			buildActionMask = 2147483647;
			files = (
				B911E9FB26EB985D00642261 /* CommonInputControlsUITests.swift in Sources */,
			);
			runOnlyForDeploymentPostprocessing = 0;
		};
/* End PBXSourcesBuildPhase section */

/* Begin PBXTargetDependency section */
		B911E9ED26EB985D00642261 /* PBXTargetDependency */ = {
			isa = PBXTargetDependency;
			target = B911E9D426EB985C00642261 /* CommonInputControls */;
			targetProxy = B911E9EC26EB985D00642261 /* PBXContainerItemProxy */;
		};
		B911E9F826EB985D00642261 /* PBXTargetDependency */ = {
			isa = PBXTargetDependency;
			target = B911E9D426EB985C00642261 /* CommonInputControls */;
			targetProxy = B911E9F726EB985D00642261 /* PBXContainerItemProxy */;
		};
/* End PBXTargetDependency section */

/* Begin PBXVariantGroup section */
		B911E9DE26EB985C00642261 /* Main.storyboard */ = {
			isa = PBXVariantGroup;
			children = (
				B911E9DF26EB985C00642261 /* Base */,
			);
			name = Main.storyboard;
			sourceTree = "<group>";
		};
		B911E9E326EB985D00642261 /* LaunchScreen.storyboard */ = {
			isa = PBXVariantGroup;
			children = (
				B911E9E426EB985D00642261 /* Base */,
			);
			name = LaunchScreen.storyboard;
			sourceTree = "<group>";
		};
/* End PBXVariantGroup section */

/* Begin XCBuildConfiguration section */
		B911E9FD26EB985D00642261 /* Debug */ = {
			isa = XCBuildConfiguration;
			buildSettings = {
				ALWAYS_SEARCH_USER_PATHS = NO;
				CLANG_ANALYZER_NONNULL = YES;
				CLANG_ANALYZER_NUMBER_OBJECT_CONVERSION = YES_AGGRESSIVE;
				CLANG_CXX_LANGUAGE_STANDARD = "gnu++14";
				CLANG_CXX_LIBRARY = "libc++";
				CLANG_ENABLE_MODULES = YES;
				CLANG_ENABLE_OBJC_ARC = YES;
				CLANG_ENABLE_OBJC_WEAK = YES;
				CLANG_WARN_BLOCK_CAPTURE_AUTORELEASING = YES;
				CLANG_WARN_BOOL_CONVERSION = YES;
				CLANG_WARN_COMMA = YES;
				CLANG_WARN_CONSTANT_CONVERSION = YES;
				CLANG_WARN_DEPRECATED_OBJC_IMPLEMENTATIONS = YES;
				CLANG_WARN_DIRECT_OBJC_ISA_USAGE = YES_ERROR;
				CLANG_WARN_DOCUMENTATION_COMMENTS = YES;
				CLANG_WARN_EMPTY_BODY = YES;
				CLANG_WARN_ENUM_CONVERSION = YES;
				CLANG_WARN_INFINITE_RECURSION = YES;
				CLANG_WARN_INT_CONVERSION = YES;
				CLANG_WARN_NON_LITERAL_NULL_CONVERSION = YES;
				CLANG_WARN_OBJC_IMPLICIT_RETAIN_SELF = YES;
				CLANG_WARN_OBJC_LITERAL_CONVERSION = YES;
				CLANG_WARN_OBJC_ROOT_CLASS = YES_ERROR;
				CLANG_WARN_QUOTED_INCLUDE_IN_FRAMEWORK_HEADER = YES;
				CLANG_WARN_RANGE_LOOP_ANALYSIS = YES;
				CLANG_WARN_STRICT_PROTOTYPES = YES;
				CLANG_WARN_SUSPICIOUS_MOVE = YES;
				CLANG_WARN_UNGUARDED_AVAILABILITY = YES_AGGRESSIVE;
				CLANG_WARN_UNREACHABLE_CODE = YES;
				CLANG_WARN__DUPLICATE_METHOD_MATCH = YES;
				COPY_PHASE_STRIP = NO;
				DEBUG_INFORMATION_FORMAT = dwarf;
				ENABLE_STRICT_OBJC_MSGSEND = YES;
				ENABLE_TESTABILITY = YES;
				GCC_C_LANGUAGE_STANDARD = gnu11;
				GCC_DYNAMIC_NO_PIC = NO;
				GCC_NO_COMMON_BLOCKS = YES;
				GCC_OPTIMIZATION_LEVEL = 0;
				GCC_PREPROCESSOR_DEFINITIONS = (
					"DEBUG=1",
					"$(inherited)",
				);
				GCC_WARN_64_TO_32_BIT_CONVERSION = YES;
				GCC_WARN_ABOUT_RETURN_TYPE = YES_ERROR;
				GCC_WARN_UNDECLARED_SELECTOR = YES;
				GCC_WARN_UNINITIALIZED_AUTOS = YES_AGGRESSIVE;
				GCC_WARN_UNUSED_FUNCTION = YES;
				GCC_WARN_UNUSED_VARIABLE = YES;
				IPHONEOS_DEPLOYMENT_TARGET = 14.5;
				MTL_ENABLE_DEBUG_INFO = INCLUDE_SOURCE;
				MTL_FAST_MATH = YES;
				ONLY_ACTIVE_ARCH = YES;
				SDKROOT = iphoneos;
				SWIFT_ACTIVE_COMPILATION_CONDITIONS = DEBUG;
				SWIFT_OPTIMIZATION_LEVEL = "-Onone";
			};
			name = Debug;
		};
		B911E9FE26EB985D00642261 /* Release */ = {
			isa = XCBuildConfiguration;
			buildSettings = {
				ALWAYS_SEARCH_USER_PATHS = NO;
				CLANG_ANALYZER_NONNULL = YES;
				CLANG_ANALYZER_NUMBER_OBJECT_CONVERSION = YES_AGGRESSIVE;
				CLANG_CXX_LANGUAGE_STANDARD = "gnu++14";
				CLANG_CXX_LIBRARY = "libc++";
				CLANG_ENABLE_MODULES = YES;
				CLANG_ENABLE_OBJC_ARC = YES;
				CLANG_ENABLE_OBJC_WEAK = YES;
				CLANG_WARN_BLOCK_CAPTURE_AUTORELEASING = YES;
				CLANG_WARN_BOOL_CONVERSION = YES;
				CLANG_WARN_COMMA = YES;
				CLANG_WARN_CONSTANT_CONVERSION = YES;
				CLANG_WARN_DEPRECATED_OBJC_IMPLEMENTATIONS = YES;
				CLANG_WARN_DIRECT_OBJC_ISA_USAGE = YES_ERROR;
				CLANG_WARN_DOCUMENTATION_COMMENTS = YES;
				CLANG_WARN_EMPTY_BODY = YES;
				CLANG_WARN_ENUM_CONVERSION = YES;
				CLANG_WARN_INFINITE_RECURSION = YES;
				CLANG_WARN_INT_CONVERSION = YES;
				CLANG_WARN_NON_LITERAL_NULL_CONVERSION = YES;
				CLANG_WARN_OBJC_IMPLICIT_RETAIN_SELF = YES;
				CLANG_WARN_OBJC_LITERAL_CONVERSION = YES;
				CLANG_WARN_OBJC_ROOT_CLASS = YES_ERROR;
				CLANG_WARN_QUOTED_INCLUDE_IN_FRAMEWORK_HEADER = YES;
				CLANG_WARN_RANGE_LOOP_ANALYSIS = YES;
				CLANG_WARN_STRICT_PROTOTYPES = YES;
				CLANG_WARN_SUSPICIOUS_MOVE = YES;
				CLANG_WARN_UNGUARDED_AVAILABILITY = YES_AGGRESSIVE;
				CLANG_WARN_UNREACHABLE_CODE = YES;
				CLANG_WARN__DUPLICATE_METHOD_MATCH = YES;
				COPY_PHASE_STRIP = NO;
				DEBUG_INFORMATION_FORMAT = "dwarf-with-dsym";
				ENABLE_NS_ASSERTIONS = NO;
				ENABLE_STRICT_OBJC_MSGSEND = YES;
				GCC_C_LANGUAGE_STANDARD = gnu11;
				GCC_NO_COMMON_BLOCKS = YES;
				GCC_WARN_64_TO_32_BIT_CONVERSION = YES;
				GCC_WARN_ABOUT_RETURN_TYPE = YES_ERROR;
				GCC_WARN_UNDECLARED_SELECTOR = YES;
				GCC_WARN_UNINITIALIZED_AUTOS = YES_AGGRESSIVE;
				GCC_WARN_UNUSED_FUNCTION = YES;
				GCC_WARN_UNUSED_VARIABLE = YES;
				IPHONEOS_DEPLOYMENT_TARGET = 14.5;
				MTL_ENABLE_DEBUG_INFO = NO;
				MTL_FAST_MATH = YES;
				SDKROOT = iphoneos;
				SWIFT_COMPILATION_MODE = wholemodule;
				SWIFT_OPTIMIZATION_LEVEL = "-O";
				VALIDATE_PRODUCT = YES;
			};
			name = Release;
		};
		B911EA0026EB985D00642261 /* Debug */ = {
			isa = XCBuildConfiguration;
			buildSettings = {
				ASSETCATALOG_COMPILER_APPICON_NAME = AppIcon;
				ASSETCATALOG_COMPILER_GLOBAL_ACCENT_COLOR_NAME = AccentColor;
				CODE_SIGN_STYLE = Automatic;
				INFOPLIST_FILE = CommonInputControls/Info.plist;
				LD_RUNPATH_SEARCH_PATHS = (
					"$(inherited)",
					"@executable_path/Frameworks",
				);
				PRODUCT_BUNDLE_IDENTIFIER = com.JonasJacobs.CommonInputControls;
				PRODUCT_NAME = "$(TARGET_NAME)";
				SWIFT_VERSION = 5.0;
				TARGETED_DEVICE_FAMILY = "1,2";
			};
			name = Debug;
		};
		B911EA0126EB985D00642261 /* Release */ = {
			isa = XCBuildConfiguration;
			buildSettings = {
				ASSETCATALOG_COMPILER_APPICON_NAME = AppIcon;
				ASSETCATALOG_COMPILER_GLOBAL_ACCENT_COLOR_NAME = AccentColor;
				CODE_SIGN_STYLE = Automatic;
				INFOPLIST_FILE = CommonInputControls/Info.plist;
				LD_RUNPATH_SEARCH_PATHS = (
					"$(inherited)",
					"@executable_path/Frameworks",
				);
				PRODUCT_BUNDLE_IDENTIFIER = com.JonasJacobs.CommonInputControls;
				PRODUCT_NAME = "$(TARGET_NAME)";
				SWIFT_VERSION = 5.0;
				TARGETED_DEVICE_FAMILY = "1,2";
			};
			name = Release;
		};
		B911EA0326EB985D00642261 /* Debug */ = {
			isa = XCBuildConfiguration;
			buildSettings = {
				ALWAYS_EMBED_SWIFT_STANDARD_LIBRARIES = YES;
				BUNDLE_LOADER = "$(TEST_HOST)";
				CODE_SIGN_STYLE = Automatic;
				INFOPLIST_FILE = CommonInputControlsTests/Info.plist;
				IPHONEOS_DEPLOYMENT_TARGET = 14.5;
				LD_RUNPATH_SEARCH_PATHS = (
					"$(inherited)",
					"@executable_path/Frameworks",
					"@loader_path/Frameworks",
				);
				PRODUCT_BUNDLE_IDENTIFIER = com.JonasJacobs.CommonInputControlsTests;
				PRODUCT_NAME = "$(TARGET_NAME)";
				SWIFT_VERSION = 5.0;
				TARGETED_DEVICE_FAMILY = "1,2";
				TEST_HOST = "$(BUILT_PRODUCTS_DIR)/CommonInputControls.app/CommonInputControls";
			};
			name = Debug;
		};
		B911EA0426EB985D00642261 /* Release */ = {
			isa = XCBuildConfiguration;
			buildSettings = {
				ALWAYS_EMBED_SWIFT_STANDARD_LIBRARIES = YES;
				BUNDLE_LOADER = "$(TEST_HOST)";
				CODE_SIGN_STYLE = Automatic;
				INFOPLIST_FILE = CommonInputControlsTests/Info.plist;
				IPHONEOS_DEPLOYMENT_TARGET = 14.5;
				LD_RUNPATH_SEARCH_PATHS = (
					"$(inherited)",
					"@executable_path/Frameworks",
					"@loader_path/Frameworks",
				);
				PRODUCT_BUNDLE_IDENTIFIER = com.JonasJacobs.CommonInputControlsTests;
				PRODUCT_NAME = "$(TARGET_NAME)";
				SWIFT_VERSION = 5.0;
				TARGETED_DEVICE_FAMILY = "1,2";
				TEST_HOST = "$(BUILT_PRODUCTS_DIR)/CommonInputControls.app/CommonInputControls";
			};
			name = Release;
		};
		B911EA0626EB985D00642261 /* Debug */ = {
			isa = XCBuildConfiguration;
			buildSettings = {
				ALWAYS_EMBED_SWIFT_STANDARD_LIBRARIES = YES;
				CODE_SIGN_STYLE = Automatic;
				INFOPLIST_FILE = CommonInputControlsUITests/Info.plist;
				LD_RUNPATH_SEARCH_PATHS = (
					"$(inherited)",
					"@executable_path/Frameworks",
					"@loader_path/Frameworks",
				);
				PRODUCT_BUNDLE_IDENTIFIER = com.JonasJacobs.CommonInputControlsUITests;
				PRODUCT_NAME = "$(TARGET_NAME)";
				SWIFT_VERSION = 5.0;
				TARGETED_DEVICE_FAMILY = "1,2";
				TEST_TARGET_NAME = CommonInputControls;
			};
			name = Debug;
		};
		B911EA0726EB985D00642261 /* Release */ = {
			isa = XCBuildConfiguration;
			buildSettings = {
				ALWAYS_EMBED_SWIFT_STANDARD_LIBRARIES = YES;
				CODE_SIGN_STYLE = Automatic;
				INFOPLIST_FILE = CommonInputControlsUITests/Info.plist;
				LD_RUNPATH_SEARCH_PATHS = (
					"$(inherited)",
					"@executable_path/Frameworks",
					"@loader_path/Frameworks",
				);
				PRODUCT_BUNDLE_IDENTIFIER = com.JonasJacobs.CommonInputControlsUITests;
				PRODUCT_NAME = "$(TARGET_NAME)";
				SWIFT_VERSION = 5.0;
				TARGETED_DEVICE_FAMILY = "1,2";
				TEST_TARGET_NAME = CommonInputControls;
			};
			name = Release;
		};
/* End XCBuildConfiguration section */

/* Begin XCConfigurationList section */
		B911E9D026EB985C00642261 /* Build configuration list for PBXProject "CommonInputControls" */ = {
			isa = XCConfigurationList;
			buildConfigurations = (
				B911E9FD26EB985D00642261 /* Debug */,
				B911E9FE26EB985D00642261 /* Release */,
			);
			defaultConfigurationIsVisible = 0;
			defaultConfigurationName = Release;
		};
		B911E9FF26EB985D00642261 /* Build configuration list for PBXNativeTarget "CommonInputControls" */ = {
			isa = XCConfigurationList;
			buildConfigurations = (
				B911EA0026EB985D00642261 /* Debug */,
				B911EA0126EB985D00642261 /* Release */,
			);
			defaultConfigurationIsVisible = 0;
			defaultConfigurationName = Release;
		};
		B911EA0226EB985D00642261 /* Build configuration list for PBXNativeTarget "CommonInputControlsTests" */ = {
			isa = XCConfigurationList;
			buildConfigurations = (
				B911EA0326EB985D00642261 /* Debug */,
				B911EA0426EB985D00642261 /* Release */,
			);
			defaultConfigurationIsVisible = 0;
			defaultConfigurationName = Release;
		};
		B911EA0526EB985D00642261 /* Build configuration list for PBXNativeTarget "CommonInputControlsUITests" */ = {
			isa = XCConfigurationList;
			buildConfigurations = (
				B911EA0626EB985D00642261 /* Debug */,
				B911EA0726EB985D00642261 /* Release */,
			);
			defaultConfigurationIsVisible = 0;
			defaultConfigurationName = Release;
		};
/* End XCConfigurationList section */
	};
	rootObject = B911E9CD26EB985C00642261 /* Project object */;
}
